// !$*UTF8*$!
{
	archiveVersion = 1;
	classes = {
	};
	objectVersion = 46;
	objects = {

/* Begin PBXBuildFile section */
		9ED4686BFE7B471F9CA7E0F1 /* libPods.a in Frameworks */ = {isa = PBXBuildFile; fileRef = 91C35A756DDA4D14B74E1190 /* libPods.a */; };
		AA11040519C33DBC0003D10E /* KSKCategoryCell.m in Sources */ = {isa = PBXBuildFile; fileRef = AA11040419C33DBC0003D10E /* KSKCategoryCell.m */; };
		AA2F241F19C70A9800324555 /* KSKImagePreview.m in Sources */ = {isa = PBXBuildFile; fileRef = AA2F241E19C70A9800324555 /* KSKImagePreview.m */; };
		AA2F242219C70CFC00324555 /* KSKDismissingAnimator.m in Sources */ = {isa = PBXBuildFile; fileRef = AA2F242119C70CFC00324555 /* KSKDismissingAnimator.m */; };
		AA4DD17B19AE3FED00805A53 /* Foundation.framework in Frameworks */ = {isa = PBXBuildFile; fileRef = AA4DD17A19AE3FED00805A53 /* Foundation.framework */; };
		AA4DD17D19AE3FED00805A53 /* CoreGraphics.framework in Frameworks */ = {isa = PBXBuildFile; fileRef = AA4DD17C19AE3FED00805A53 /* CoreGraphics.framework */; };
		AA4DD17F19AE3FED00805A53 /* UIKit.framework in Frameworks */ = {isa = PBXBuildFile; fileRef = AA4DD17E19AE3FED00805A53 /* UIKit.framework */; };
		AA4DD18519AE3FED00805A53 /* InfoPlist.strings in Resources */ = {isa = PBXBuildFile; fileRef = AA4DD18319AE3FED00805A53 /* InfoPlist.strings */; };
		AA4DD18719AE3FED00805A53 /* main.m in Sources */ = {isa = PBXBuildFile; fileRef = AA4DD18619AE3FED00805A53 /* main.m */; };
		AA4DD18B19AE3FED00805A53 /* KSKAppDelegate.m in Sources */ = {isa = PBXBuildFile; fileRef = AA4DD18A19AE3FED00805A53 /* KSKAppDelegate.m */; };
		AA4DD18E19AE3FED00805A53 /* Main_iPhone.storyboard in Resources */ = {isa = PBXBuildFile; fileRef = AA4DD18C19AE3FED00805A53 /* Main_iPhone.storyboard */; };
		AA4DD19119AE3FED00805A53 /* Main_iPad.storyboard in Resources */ = {isa = PBXBuildFile; fileRef = AA4DD18F19AE3FED00805A53 /* Main_iPad.storyboard */; };
		AA4DD19419AE3FED00805A53 /* KSKViewController.m in Sources */ = {isa = PBXBuildFile; fileRef = AA4DD19319AE3FED00805A53 /* KSKViewController.m */; };
		AA4DD19619AE3FED00805A53 /* Images.xcassets in Resources */ = {isa = PBXBuildFile; fileRef = AA4DD19519AE3FED00805A53 /* Images.xcassets */; };
		AA4DD19D19AE3FEE00805A53 /* XCTest.framework in Frameworks */ = {isa = PBXBuildFile; fileRef = AA4DD19C19AE3FEE00805A53 /* XCTest.framework */; };
		AA4DD19E19AE3FEE00805A53 /* Foundation.framework in Frameworks */ = {isa = PBXBuildFile; fileRef = AA4DD17A19AE3FED00805A53 /* Foundation.framework */; };
		AA4DD19F19AE3FEE00805A53 /* UIKit.framework in Frameworks */ = {isa = PBXBuildFile; fileRef = AA4DD17E19AE3FED00805A53 /* UIKit.framework */; };
		AA4DD1A719AE3FEE00805A53 /* InfoPlist.strings in Resources */ = {isa = PBXBuildFile; fileRef = AA4DD1A519AE3FEE00805A53 /* InfoPlist.strings */; };
		AA4DD1A919AE3FEE00805A53 /* KioskFoodiOSTests.m in Sources */ = {isa = PBXBuildFile; fileRef = AA4DD1A819AE3FEE00805A53 /* KioskFoodiOSTests.m */; };
		AA7270B919C36BBE00DABDF2 /* KSKFoodGalleryContentViewController.m in Sources */ = {isa = PBXBuildFile; fileRef = AA7270B819C36BBE00DABDF2 /* KSKFoodGalleryContentViewController.m */; };
		AA7270BF19C4C81E00DABDF2 /* KSKPersianAnimator.m in Sources */ = {isa = PBXBuildFile; fileRef = AA7270BE19C4C81E00DABDF2 /* KSKPersianAnimator.m */; };
		AA7270C119C60EE400DABDF2 /* BTraffic.ttf in Resources */ = {isa = PBXBuildFile; fileRef = AA7270C019C60B2200DABDF2 /* BTraffic.ttf */; };
		AAACC7A819B3532800308840 /* KSKFoodData.m in Sources */ = {isa = PBXBuildFile; fileRef = AAACC7A719B3532800308840 /* KSKFoodData.m */; };
		AAACC7AE19B355E400308840 /* KSKCategoryData.m in Sources */ = {isa = PBXBuildFile; fileRef = AAACC7AD19B355E400308840 /* KSKCategoryData.m */; };
		AAACC7B119B357CC00308840 /* KSKRestaurantData.m in Sources */ = {isa = PBXBuildFile; fileRef = AAACC7B019B357CC00308840 /* KSKRestaurantData.m */; };
		AAACC7B819B3605900308840 /* KSKKioskCommunicator.m in Sources */ = {isa = PBXBuildFile; fileRef = AAACC7B719B3605900308840 /* KSKKioskCommunicator.m */; };
		AAACC7BD19B3980300308840 /* KSKCategoryTableViewController.m in Sources */ = {isa = PBXBuildFile; fileRef = AAACC7BC19B3980300308840 /* KSKCategoryTableViewController.m */; };
		AAAEFEAA19BACFBF00982D02 /* KSKFoodViewController.m in Sources */ = {isa = PBXBuildFile; fileRef = AAAEFEA919BACFBF00982D02 /* KSKFoodViewController.m */; };
		AABB5C3E19B0F18400539BF2 /* KSKFoodMenuHome.m in Sources */ = {isa = PBXBuildFile; fileRef = AABB5C3D19B0F18400539BF2 /* KSKFoodMenuHome.m */; };
/* End PBXBuildFile section */

/* Begin PBXContainerItemProxy section */
		AA4DD1A019AE3FEE00805A53 /* PBXContainerItemProxy */ = {
			isa = PBXContainerItemProxy;
			containerPortal = AA4DD16F19AE3FED00805A53 /* Project object */;
			proxyType = 1;
			remoteGlobalIDString = AA4DD17619AE3FED00805A53;
			remoteInfo = KioskFoodiOS;
		};
/* End PBXContainerItemProxy section */

/* Begin PBXFileReference section */
		91C35A756DDA4D14B74E1190 /* libPods.a */ = {isa = PBXFileReference; explicitFileType = archive.ar; includeInIndex = 0; path = libPods.a; sourceTree = BUILT_PRODUCTS_DIR; };
		AA11040319C33DBC0003D10E /* KSKCategoryCell.h */ = {isa = PBXFileReference; fileEncoding = 4; lastKnownFileType = sourcecode.c.h; path = KSKCategoryCell.h; sourceTree = "<group>"; };
		AA11040419C33DBC0003D10E /* KSKCategoryCell.m */ = {isa = PBXFileReference; fileEncoding = 4; lastKnownFileType = sourcecode.c.objc; path = KSKCategoryCell.m; sourceTree = "<group>"; };
		AA2F241D19C70A9800324555 /* KSKImagePreview.h */ = {isa = PBXFileReference; fileEncoding = 4; lastKnownFileType = sourcecode.c.h; path = KSKImagePreview.h; sourceTree = "<group>"; };
		AA2F241E19C70A9800324555 /* KSKImagePreview.m */ = {isa = PBXFileReference; fileEncoding = 4; lastKnownFileType = sourcecode.c.objc; path = KSKImagePreview.m; sourceTree = "<group>"; };
		AA2F242019C70CFC00324555 /* KSKDismissingAnimator.h */ = {isa = PBXFileReference; fileEncoding = 4; lastKnownFileType = sourcecode.c.h; path = KSKDismissingAnimator.h; sourceTree = "<group>"; };
		AA2F242119C70CFC00324555 /* KSKDismissingAnimator.m */ = {isa = PBXFileReference; fileEncoding = 4; lastKnownFileType = sourcecode.c.objc; path = KSKDismissingAnimator.m; sourceTree = "<group>"; };
		AA4DD17719AE3FED00805A53 /* KioskFoodiOS.app */ = {isa = PBXFileReference; explicitFileType = wrapper.application; includeInIndex = 0; path = KioskFoodiOS.app; sourceTree = BUILT_PRODUCTS_DIR; };
		AA4DD17A19AE3FED00805A53 /* Foundation.framework */ = {isa = PBXFileReference; lastKnownFileType = wrapper.framework; name = Foundation.framework; path = System/Library/Frameworks/Foundation.framework; sourceTree = SDKROOT; };
		AA4DD17C19AE3FED00805A53 /* CoreGraphics.framework */ = {isa = PBXFileReference; lastKnownFileType = wrapper.framework; name = CoreGraphics.framework; path = System/Library/Frameworks/CoreGraphics.framework; sourceTree = SDKROOT; };
		AA4DD17E19AE3FED00805A53 /* UIKit.framework */ = {isa = PBXFileReference; lastKnownFileType = wrapper.framework; name = UIKit.framework; path = System/Library/Frameworks/UIKit.framework; sourceTree = SDKROOT; };
		AA4DD18219AE3FED00805A53 /* KioskFoodiOS-Info.plist */ = {isa = PBXFileReference; lastKnownFileType = text.plist.xml; path = "KioskFoodiOS-Info.plist"; sourceTree = "<group>"; };
		AA4DD18419AE3FED00805A53 /* en */ = {isa = PBXFileReference; lastKnownFileType = text.plist.strings; name = en; path = en.lproj/InfoPlist.strings; sourceTree = "<group>"; };
		AA4DD18619AE3FED00805A53 /* main.m */ = {isa = PBXFileReference; lastKnownFileType = sourcecode.c.objc; path = main.m; sourceTree = "<group>"; };
		AA4DD18819AE3FED00805A53 /* KioskFoodiOS-Prefix.pch */ = {isa = PBXFileReference; lastKnownFileType = sourcecode.c.h; path = "KioskFoodiOS-Prefix.pch"; sourceTree = "<group>"; };
		AA4DD18919AE3FED00805A53 /* KSKAppDelegate.h */ = {isa = PBXFileReference; lastKnownFileType = sourcecode.c.h; path = KSKAppDelegate.h; sourceTree = "<group>"; };
		AA4DD18A19AE3FED00805A53 /* KSKAppDelegate.m */ = {isa = PBXFileReference; lastKnownFileType = sourcecode.c.objc; path = KSKAppDelegate.m; sourceTree = "<group>"; };
		AA4DD18D19AE3FED00805A53 /* Base */ = {isa = PBXFileReference; lastKnownFileType = file.storyboard; name = Base; path = Base.lproj/Main_iPhone.storyboard; sourceTree = "<group>"; };
		AA4DD19019AE3FED00805A53 /* Base */ = {isa = PBXFileReference; lastKnownFileType = file.storyboard; name = Base; path = Base.lproj/Main_iPad.storyboard; sourceTree = "<group>"; };
		AA4DD19219AE3FED00805A53 /* KSKViewController.h */ = {isa = PBXFileReference; lastKnownFileType = sourcecode.c.h; path = KSKViewController.h; sourceTree = "<group>"; };
		AA4DD19319AE3FED00805A53 /* KSKViewController.m */ = {isa = PBXFileReference; lastKnownFileType = sourcecode.c.objc; path = KSKViewController.m; sourceTree = "<group>"; };
		AA4DD19519AE3FED00805A53 /* Images.xcassets */ = {isa = PBXFileReference; lastKnownFileType = folder.assetcatalog; path = Images.xcassets; sourceTree = "<group>"; };
		AA4DD19B19AE3FEE00805A53 /* KioskFoodiOSTests.xctest */ = {isa = PBXFileReference; explicitFileType = wrapper.cfbundle; includeInIndex = 0; path = KioskFoodiOSTests.xctest; sourceTree = BUILT_PRODUCTS_DIR; };
		AA4DD19C19AE3FEE00805A53 /* XCTest.framework */ = {isa = PBXFileReference; lastKnownFileType = wrapper.framework; name = XCTest.framework; path = Library/Frameworks/XCTest.framework; sourceTree = DEVELOPER_DIR; };
		AA4DD1A419AE3FEE00805A53 /* KioskFoodiOSTests-Info.plist */ = {isa = PBXFileReference; lastKnownFileType = text.plist.xml; path = "KioskFoodiOSTests-Info.plist"; sourceTree = "<group>"; };
		AA4DD1A619AE3FEE00805A53 /* en */ = {isa = PBXFileReference; lastKnownFileType = text.plist.strings; name = en; path = en.lproj/InfoPlist.strings; sourceTree = "<group>"; };
		AA4DD1A819AE3FEE00805A53 /* KioskFoodiOSTests.m */ = {isa = PBXFileReference; lastKnownFileType = sourcecode.c.objc; path = KioskFoodiOSTests.m; sourceTree = "<group>"; };
		AA7270B719C36BBE00DABDF2 /* KSKFoodGalleryContentViewController.h */ = {isa = PBXFileReference; fileEncoding = 4; lastKnownFileType = sourcecode.c.h; path = KSKFoodGalleryContentViewController.h; sourceTree = "<group>"; };
		AA7270B819C36BBE00DABDF2 /* KSKFoodGalleryContentViewController.m */ = {isa = PBXFileReference; fileEncoding = 4; lastKnownFileType = sourcecode.c.objc; path = KSKFoodGalleryContentViewController.m; sourceTree = "<group>"; };
		AA7270BD19C4C81E00DABDF2 /* KSKPersianAnimator.h */ = {isa = PBXFileReference; fileEncoding = 4; lastKnownFileType = sourcecode.c.h; path = KSKPersianAnimator.h; sourceTree = "<group>"; };
		AA7270BE19C4C81E00DABDF2 /* KSKPersianAnimator.m */ = {isa = PBXFileReference; fileEncoding = 4; lastKnownFileType = sourcecode.c.objc; path = KSKPersianAnimator.m; sourceTree = "<group>"; };
		AA7270C019C60B2200DABDF2 /* BTraffic.ttf */ = {isa = PBXFileReference; lastKnownFileType = file; path = BTraffic.ttf; sourceTree = "<group>"; };
		AAACC7A619B3532800308840 /* KSKFoodData.h */ = {isa = PBXFileReference; fileEncoding = 4; lastKnownFileType = sourcecode.c.h; path = KSKFoodData.h; sourceTree = "<group>"; };
		AAACC7A719B3532800308840 /* KSKFoodData.m */ = {isa = PBXFileReference; fileEncoding = 4; lastKnownFileType = sourcecode.c.objc; path = KSKFoodData.m; sourceTree = "<group>"; };
		AAACC7AC19B355E400308840 /* KSKCategoryData.h */ = {isa = PBXFileReference; fileEncoding = 4; lastKnownFileType = sourcecode.c.h; path = KSKCategoryData.h; sourceTree = "<group>"; };
		AAACC7AD19B355E400308840 /* KSKCategoryData.m */ = {isa = PBXFileReference; fileEncoding = 4; lastKnownFileType = sourcecode.c.objc; path = KSKCategoryData.m; sourceTree = "<group>"; };
		AAACC7AF19B357CC00308840 /* KSKRestaurantData.h */ = {isa = PBXFileReference; fileEncoding = 4; lastKnownFileType = sourcecode.c.h; path = KSKRestaurantData.h; sourceTree = "<group>"; };
		AAACC7B019B357CC00308840 /* KSKRestaurantData.m */ = {isa = PBXFileReference; fileEncoding = 4; lastKnownFileType = sourcecode.c.objc; path = KSKRestaurantData.m; sourceTree = "<group>"; };
		AAACC7B619B3605900308840 /* KSKKioskCommunicator.h */ = {isa = PBXFileReference; fileEncoding = 4; lastKnownFileType = sourcecode.c.h; path = KSKKioskCommunicator.h; sourceTree = "<group>"; };
		AAACC7B719B3605900308840 /* KSKKioskCommunicator.m */ = {isa = PBXFileReference; fileEncoding = 4; lastKnownFileType = sourcecode.c.objc; path = KSKKioskCommunicator.m; sourceTree = "<group>"; };
		AAACC7BB19B3980300308840 /* KSKCategoryTableViewController.h */ = {isa = PBXFileReference; fileEncoding = 4; lastKnownFileType = sourcecode.c.h; path = KSKCategoryTableViewController.h; sourceTree = "<group>"; };
		AAACC7BC19B3980300308840 /* KSKCategoryTableViewController.m */ = {isa = PBXFileReference; fileEncoding = 4; lastKnownFileType = sourcecode.c.objc; path = KSKCategoryTableViewController.m; sourceTree = "<group>"; };
		AAAEFEA819BACFBF00982D02 /* KSKFoodViewController.h */ = {isa = PBXFileReference; fileEncoding = 4; lastKnownFileType = sourcecode.c.h; path = KSKFoodViewController.h; sourceTree = "<group>"; };
		AAAEFEA919BACFBF00982D02 /* KSKFoodViewController.m */ = {isa = PBXFileReference; fileEncoding = 4; lastKnownFileType = sourcecode.c.objc; path = KSKFoodViewController.m; sourceTree = "<group>"; };
		AABB5C3C19B0F18400539BF2 /* KSKFoodMenuHome.h */ = {isa = PBXFileReference; fileEncoding = 4; lastKnownFileType = sourcecode.c.h; path = KSKFoodMenuHome.h; sourceTree = "<group>"; };
		AABB5C3D19B0F18400539BF2 /* KSKFoodMenuHome.m */ = {isa = PBXFileReference; fileEncoding = 4; lastKnownFileType = sourcecode.c.objc; path = KSKFoodMenuHome.m; sourceTree = "<group>"; };
		E2CA3B62EE0849AFB861C4B1 /* Pods.xcconfig */ = {isa = PBXFileReference; includeInIndex = 1; lastKnownFileType = text.xcconfig; name = Pods.xcconfig; path = Pods/Pods.xcconfig; sourceTree = "<group>"; };
/* End PBXFileReference section */

/* Begin PBXFrameworksBuildPhase section */
		AA4DD17419AE3FED00805A53 /* Frameworks */ = {
			isa = PBXFrameworksBuildPhase;
			buildActionMask = 2147483647;
			files = (
				AA4DD17D19AE3FED00805A53 /* CoreGraphics.framework in Frameworks */,
				AA4DD17F19AE3FED00805A53 /* UIKit.framework in Frameworks */,
				AA4DD17B19AE3FED00805A53 /* Foundation.framework in Frameworks */,
				9ED4686BFE7B471F9CA7E0F1 /* libPods.a in Frameworks */,
			);
			runOnlyForDeploymentPostprocessing = 0;
		};
		AA4DD19819AE3FEE00805A53 /* Frameworks */ = {
			isa = PBXFrameworksBuildPhase;
			buildActionMask = 2147483647;
			files = (
				AA4DD19D19AE3FEE00805A53 /* XCTest.framework in Frameworks */,
				AA4DD19F19AE3FEE00805A53 /* UIKit.framework in Frameworks */,
				AA4DD19E19AE3FEE00805A53 /* Foundation.framework in Frameworks */,
			);
			runOnlyForDeploymentPostprocessing = 0;
		};
/* End PBXFrameworksBuildPhase section */

/* Begin PBXGroup section */
		AA4DD16E19AE3FED00805A53 = {
			isa = PBXGroup;
			children = (
				AA4DD18019AE3FED00805A53 /* KioskFoodiOS */,
				AA4DD1A219AE3FEE00805A53 /* KioskFoodiOSTests */,
				AA4DD17919AE3FED00805A53 /* Frameworks */,
				AA4DD17819AE3FED00805A53 /* Products */,
				E2CA3B62EE0849AFB861C4B1 /* Pods.xcconfig */,
			);
			sourceTree = "<group>";
		};
		AA4DD17819AE3FED00805A53 /* Products */ = {
			isa = PBXGroup;
			children = (
				AA4DD17719AE3FED00805A53 /* KioskFoodiOS.app */,
				AA4DD19B19AE3FEE00805A53 /* KioskFoodiOSTests.xctest */,
			);
			name = Products;
			sourceTree = "<group>";
		};
		AA4DD17919AE3FED00805A53 /* Frameworks */ = {
			isa = PBXGroup;
			children = (
				AA4DD17A19AE3FED00805A53 /* Foundation.framework */,
				AA4DD17C19AE3FED00805A53 /* CoreGraphics.framework */,
				AA4DD17E19AE3FED00805A53 /* UIKit.framework */,
				AA4DD19C19AE3FEE00805A53 /* XCTest.framework */,
				91C35A756DDA4D14B74E1190 /* libPods.a */,
			);
			name = Frameworks;
			sourceTree = "<group>";
		};
		AA4DD18019AE3FED00805A53 /* KioskFoodiOS */ = {
			isa = PBXGroup;
			children = (
				AA7270C019C60B2200DABDF2 /* BTraffic.ttf */,
				AA4DD18919AE3FED00805A53 /* KSKAppDelegate.h */,
				AA4DD18A19AE3FED00805A53 /* KSKAppDelegate.m */,
				AA4DD18C19AE3FED00805A53 /* Main_iPhone.storyboard */,
				AA4DD18F19AE3FED00805A53 /* Main_iPad.storyboard */,
				AA4DD19219AE3FED00805A53 /* KSKViewController.h */,
				AA4DD19319AE3FED00805A53 /* KSKViewController.m */,
				AABB5C3C19B0F18400539BF2 /* KSKFoodMenuHome.h */,
				AABB5C3D19B0F18400539BF2 /* KSKFoodMenuHome.m */,
				AAACC7A619B3532800308840 /* KSKFoodData.h */,
				AAACC7A719B3532800308840 /* KSKFoodData.m */,
				AAACC7AC19B355E400308840 /* KSKCategoryData.h */,
				AAACC7AD19B355E400308840 /* KSKCategoryData.m */,
				AAACC7AF19B357CC00308840 /* KSKRestaurantData.h */,
				AAACC7B019B357CC00308840 /* KSKRestaurantData.m */,
				AAACC7B619B3605900308840 /* KSKKioskCommunicator.h */,
				AAACC7B719B3605900308840 /* KSKKioskCommunicator.m */,
				AAACC7BB19B3980300308840 /* KSKCategoryTableViewController.h */,
				AAACC7BC19B3980300308840 /* KSKCategoryTableViewController.m */,
				AAAEFEA819BACFBF00982D02 /* KSKFoodViewController.h */,
				AAAEFEA919BACFBF00982D02 /* KSKFoodViewController.m */,
				AA11040319C33DBC0003D10E /* KSKCategoryCell.h */,
				AA11040419C33DBC0003D10E /* KSKCategoryCell.m */,
				AA7270B719C36BBE00DABDF2 /* KSKFoodGalleryContentViewController.h */,
				AA7270B819C36BBE00DABDF2 /* KSKFoodGalleryContentViewController.m */,
				AA7270BD19C4C81E00DABDF2 /* KSKPersianAnimator.h */,
				AA7270BE19C4C81E00DABDF2 /* KSKPersianAnimator.m */,
				AA2F241D19C70A9800324555 /* KSKImagePreview.h */,
				AA2F241E19C70A9800324555 /* KSKImagePreview.m */,
				AA2F242019C70CFC00324555 /* KSKDismissingAnimator.h */,
				AA2F242119C70CFC00324555 /* KSKDismissingAnimator.m */,
				AA4DD19519AE3FED00805A53 /* Images.xcassets */,
				AA4DD18119AE3FED00805A53 /* Supporting Files */,
			);
			path = KioskFoodiOS;
			sourceTree = "<group>";
		};
		AA4DD18119AE3FED00805A53 /* Supporting Files */ = {
			isa = PBXGroup;
			children = (
				AA4DD18219AE3FED00805A53 /* KioskFoodiOS-Info.plist */,
				AA4DD18319AE3FED00805A53 /* InfoPlist.strings */,
				AA4DD18619AE3FED00805A53 /* main.m */,
				AA4DD18819AE3FED00805A53 /* KioskFoodiOS-Prefix.pch */,
			);
			name = "Supporting Files";
			sourceTree = "<group>";
		};
		AA4DD1A219AE3FEE00805A53 /* KioskFoodiOSTests */ = {
			isa = PBXGroup;
			children = (
				AA4DD1A819AE3FEE00805A53 /* KioskFoodiOSTests.m */,
				AA4DD1A319AE3FEE00805A53 /* Supporting Files */,
			);
			path = KioskFoodiOSTests;
			sourceTree = "<group>";
		};
		AA4DD1A319AE3FEE00805A53 /* Supporting Files */ = {
			isa = PBXGroup;
			children = (
				AA4DD1A419AE3FEE00805A53 /* KioskFoodiOSTests-Info.plist */,
				AA4DD1A519AE3FEE00805A53 /* InfoPlist.strings */,
			);
			name = "Supporting Files";
			sourceTree = "<group>";
		};
/* End PBXGroup section */

/* Begin PBXNativeTarget section */
		AA4DD17619AE3FED00805A53 /* KioskFoodiOS */ = {
			isa = PBXNativeTarget;
			buildConfigurationList = AA4DD1AC19AE3FEE00805A53 /* Build configuration list for PBXNativeTarget "KioskFoodiOS" */;
			buildPhases = (
				E531E6872A4D459EAD774DFF /* Check Pods Manifest.lock */,
				AA4DD17319AE3FED00805A53 /* Sources */,
				AA4DD17419AE3FED00805A53 /* Frameworks */,
				AA4DD17519AE3FED00805A53 /* Resources */,
				6AB0DD70ACA34D2581F97FFA /* Copy Pods Resources */,
			);
			buildRules = (
			);
			dependencies = (
			);
			name = KioskFoodiOS;
			productName = KioskFoodiOS;
			productReference = AA4DD17719AE3FED00805A53 /* KioskFoodiOS.app */;
			productType = "com.apple.product-type.application";
		};
		AA4DD19A19AE3FEE00805A53 /* KioskFoodiOSTests */ = {
			isa = PBXNativeTarget;
			buildConfigurationList = AA4DD1AF19AE3FEE00805A53 /* Build configuration list for PBXNativeTarget "KioskFoodiOSTests" */;
			buildPhases = (
				AA4DD19719AE3FEE00805A53 /* Sources */,
				AA4DD19819AE3FEE00805A53 /* Frameworks */,
				AA4DD19919AE3FEE00805A53 /* Resources */,
			);
			buildRules = (
			);
			dependencies = (
				AA4DD1A119AE3FEE00805A53 /* PBXTargetDependency */,
			);
			name = KioskFoodiOSTests;
			productName = KioskFoodiOSTests;
			productReference = AA4DD19B19AE3FEE00805A53 /* KioskFoodiOSTests.xctest */;
			productType = "com.apple.product-type.bundle.unit-test";
		};
/* End PBXNativeTarget section */

/* Begin PBXProject section */
		AA4DD16F19AE3FED00805A53 /* Project object */ = {
			isa = PBXProject;
			attributes = {
				CLASSPREFIX = KSK;
				LastUpgradeCheck = 0510;
				ORGANIZATIONNAME = "Kiosk Team";
				TargetAttributes = {
					AA4DD19A19AE3FEE00805A53 = {
						TestTargetID = AA4DD17619AE3FED00805A53;
					};
				};
			};
			buildConfigurationList = AA4DD17219AE3FED00805A53 /* Build configuration list for PBXProject "KioskFoodiOS" */;
			compatibilityVersion = "Xcode 3.2";
			developmentRegion = English;
			hasScannedForEncodings = 0;
			knownRegions = (
				en,
				Base,
			);
			mainGroup = AA4DD16E19AE3FED00805A53;
			productRefGroup = AA4DD17819AE3FED00805A53 /* Products */;
			projectDirPath = "";
			projectRoot = "";
			targets = (
				AA4DD17619AE3FED00805A53 /* KioskFoodiOS */,
				AA4DD19A19AE3FEE00805A53 /* KioskFoodiOSTests */,
			);
		};
/* End PBXProject section */

/* Begin PBXResourcesBuildPhase section */
		AA4DD17519AE3FED00805A53 /* Resources */ = {
			isa = PBXResourcesBuildPhase;
			buildActionMask = 2147483647;
			files = (
				AA7270C119C60EE400DABDF2 /* BTraffic.ttf in Resources */,
				AA4DD19119AE3FED00805A53 /* Main_iPad.storyboard in Resources */,
				AA4DD19619AE3FED00805A53 /* Images.xcassets in Resources */,
				AA4DD18E19AE3FED00805A53 /* Main_iPhone.storyboard in Resources */,
				AA4DD18519AE3FED00805A53 /* InfoPlist.strings in Resources */,
			);
			runOnlyForDeploymentPostprocessing = 0;
		};
		AA4DD19919AE3FEE00805A53 /* Resources */ = {
			isa = PBXResourcesBuildPhase;
			buildActionMask = 2147483647;
			files = (
				AA4DD1A719AE3FEE00805A53 /* InfoPlist.strings in Resources */,
			);
			runOnlyForDeploymentPostprocessing = 0;
		};
/* End PBXResourcesBuildPhase section */

/* Begin PBXShellScriptBuildPhase section */
		6AB0DD70ACA34D2581F97FFA /* Copy Pods Resources */ = {
			isa = PBXShellScriptBuildPhase;
			buildActionMask = 2147483647;
			files = (
			);
			inputPaths = (
			);
			name = "Copy Pods Resources";
			outputPaths = (
			);
			runOnlyForDeploymentPostprocessing = 0;
			shellPath = /bin/sh;
			shellScript = "\"${SRCROOT}/Pods/Pods-resources.sh\"\n";
			showEnvVarsInLog = 0;
		};
		E531E6872A4D459EAD774DFF /* Check Pods Manifest.lock */ = {
			isa = PBXShellScriptBuildPhase;
			buildActionMask = 2147483647;
			files = (
			);
			inputPaths = (
			);
			name = "Check Pods Manifest.lock";
			outputPaths = (
			);
			runOnlyForDeploymentPostprocessing = 0;
			shellPath = /bin/sh;
			shellScript = "diff \"${PODS_ROOT}/../Podfile.lock\" \"${PODS_ROOT}/Manifest.lock\" > /dev/null\nif [[ $? != 0 ]] ; then\n    cat << EOM\nerror: The sandbox is not in sync with the Podfile.lock. Run 'pod install' or update your CocoaPods installation.\nEOM\n    exit 1\nfi\n";
			showEnvVarsInLog = 0;
		};
/* End PBXShellScriptBuildPhase section */

/* Begin PBXSourcesBuildPhase section */
		AA4DD17319AE3FED00805A53 /* Sources */ = {
			isa = PBXSourcesBuildPhase;
			buildActionMask = 2147483647;
			files = (
				AAAEFEAA19BACFBF00982D02 /* KSKFoodViewController.m in Sources */,
				AA7270BF19C4C81E00DABDF2 /* KSKPersianAnimator.m in Sources */,
				AA4DD18B19AE3FED00805A53 /* KSKAppDelegate.m in Sources */,
				AA4DD19419AE3FED00805A53 /* KSKViewController.m in Sources */,
				AA4DD18719AE3FED00805A53 /* main.m in Sources */,
				AAACC7A819B3532800308840 /* KSKFoodData.m in Sources */,
				AA11040519C33DBC0003D10E /* KSKCategoryCell.m in Sources */,
				AAACC7BD19B3980300308840 /* KSKCategoryTableViewController.m in Sources */,
				AAACC7B819B3605900308840 /* KSKKioskCommunicator.m in Sources */,
				AABB5C3E19B0F18400539BF2 /* KSKFoodMenuHome.m in Sources */,
				AA2F241F19C70A9800324555 /* KSKImagePreview.m in Sources */,
				AA7270B919C36BBE00DABDF2 /* KSKFoodGalleryContentViewController.m in Sources */,
				AAACC7AE19B355E400308840 /* KSKCategoryData.m in Sources */,
				AAACC7B119B357CC00308840 /* KSKRestaurantData.m in Sources */,
				AA2F242219C70CFC00324555 /* KSKDismissingAnimator.m in Sources */,
			);
			runOnlyForDeploymentPostprocessing = 0;
		};
		AA4DD19719AE3FEE00805A53 /* Sources */ = {
			isa = PBXSourcesBuildPhase;
			buildActionMask = 2147483647;
			files = (
				AA4DD1A919AE3FEE00805A53 /* KioskFoodiOSTests.m in Sources */,
			);
			runOnlyForDeploymentPostprocessing = 0;
		};
/* End PBXSourcesBuildPhase section */

/* Begin PBXTargetDependency section */
		AA4DD1A119AE3FEE00805A53 /* PBXTargetDependency */ = {
			isa = PBXTargetDependency;
			target = AA4DD17619AE3FED00805A53 /* KioskFoodiOS */;
			targetProxy = AA4DD1A019AE3FEE00805A53 /* PBXContainerItemProxy */;
		};
/* End PBXTargetDependency section */

/* Begin PBXVariantGroup section */
		AA4DD18319AE3FED00805A53 /* InfoPlist.strings */ = {
			isa = PBXVariantGroup;
			children = (
				AA4DD18419AE3FED00805A53 /* en */,
			);
			name = InfoPlist.strings;
			sourceTree = "<group>";
		};
		AA4DD18C19AE3FED00805A53 /* Main_iPhone.storyboard */ = {
			isa = PBXVariantGroup;
			children = (
				AA4DD18D19AE3FED00805A53 /* Base */,
			);
			name = Main_iPhone.storyboard;
			sourceTree = "<group>";
		};
		AA4DD18F19AE3FED00805A53 /* Main_iPad.storyboard */ = {
			isa = PBXVariantGroup;
			children = (
				AA4DD19019AE3FED00805A53 /* Base */,
			);
			name = Main_iPad.storyboard;
			sourceTree = "<group>";
		};
		AA4DD1A519AE3FEE00805A53 /* InfoPlist.strings */ = {
			isa = PBXVariantGroup;
			children = (
				AA4DD1A619AE3FEE00805A53 /* en */,
			);
			name = InfoPlist.strings;
			sourceTree = "<group>";
		};
/* End PBXVariantGroup section */

/* Begin XCBuildConfiguration section */
		AA4DD1AA19AE3FEE00805A53 /* Debug */ = {
			isa = XCBuildConfiguration;
			buildSettings = {
				ALWAYS_SEARCH_USER_PATHS = NO;
				CLANG_CXX_LANGUAGE_STANDARD = "gnu++0x";
				CLANG_CXX_LIBRARY = "libc++";
				CLANG_ENABLE_MODULES = YES;
				CLANG_ENABLE_OBJC_ARC = YES;
				CLANG_WARN_BOOL_CONVERSION = YES;
				CLANG_WARN_CONSTANT_CONVERSION = YES;
				CLANG_WARN_DIRECT_OBJC_ISA_USAGE = YES_ERROR;
				CLANG_WARN_EMPTY_BODY = YES;
				CLANG_WARN_ENUM_CONVERSION = YES;
				CLANG_WARN_INT_CONVERSION = YES;
				CLANG_WARN_OBJC_ROOT_CLASS = YES_ERROR;
				CLANG_WARN__DUPLICATE_METHOD_MATCH = YES;
				"CODE_SIGN_IDENTITY[sdk=iphoneos*]" = "iPhone Developer";
				COPY_PHASE_STRIP = NO;
				GCC_C_LANGUAGE_STANDARD = gnu99;
				GCC_DYNAMIC_NO_PIC = NO;
				GCC_OPTIMIZATION_LEVEL = 0;
				GCC_PREPROCESSOR_DEFINITIONS = (
					"DEBUG=1",
					"$(inherited)",
				);
				GCC_SYMBOLS_PRIVATE_EXTERN = NO;
				GCC_WARN_64_TO_32_BIT_CONVERSION = YES;
				GCC_WARN_ABOUT_RETURN_TYPE = YES_ERROR;
				GCC_WARN_UNDECLARED_SELECTOR = YES;
				GCC_WARN_UNINITIALIZED_AUTOS = YES_AGGRESSIVE;
				GCC_WARN_UNUSED_FUNCTION = YES;
				GCC_WARN_UNUSED_VARIABLE = YES;
				IPHONEOS_DEPLOYMENT_TARGET = 7.1;
				ONLY_ACTIVE_ARCH = YES;
				SDKROOT = iphoneos;
				TARGETED_DEVICE_FAMILY = "1,2";
			};
			name = Debug;
		};
		AA4DD1AB19AE3FEE00805A53 /* Release */ = {
			isa = XCBuildConfiguration;
			buildSettings = {
				ALWAYS_SEARCH_USER_PATHS = NO;
				CLANG_CXX_LANGUAGE_STANDARD = "gnu++0x";
				CLANG_CXX_LIBRARY = "libc++";
				CLANG_ENABLE_MODULES = YES;
				CLANG_ENABLE_OBJC_ARC = YES;
				CLANG_WARN_BOOL_CONVERSION = YES;
				CLANG_WARN_CONSTANT_CONVERSION = YES;
				CLANG_WARN_DIRECT_OBJC_ISA_USAGE = YES_ERROR;
				CLANG_WARN_EMPTY_BODY = YES;
				CLANG_WARN_ENUM_CONVERSION = YES;
				CLANG_WARN_INT_CONVERSION = YES;
				CLANG_WARN_OBJC_ROOT_CLASS = YES_ERROR;
				CLANG_WARN__DUPLICATE_METHOD_MATCH = YES;
				"CODE_SIGN_IDENTITY[sdk=iphoneos*]" = "iPhone Developer";
				COPY_PHASE_STRIP = YES;
				ENABLE_NS_ASSERTIONS = NO;
				GCC_C_LANGUAGE_STANDARD = gnu99;
				GCC_WARN_64_TO_32_BIT_CONVERSION = YES;
				GCC_WARN_ABOUT_RETURN_TYPE = YES_ERROR;
				GCC_WARN_UNDECLARED_SELECTOR = YES;
				GCC_WARN_UNINITIALIZED_AUTOS = YES_AGGRESSIVE;
				GCC_WARN_UNUSED_FUNCTION = YES;
				GCC_WARN_UNUSED_VARIABLE = YES;
				IPHONEOS_DEPLOYMENT_TARGET = 7.1;
				SDKROOT = iphoneos;
				TARGETED_DEVICE_FAMILY = "1,2";
				VALIDATE_PRODUCT = YES;
			};
			name = Release;
		};
		AA4DD1AD19AE3FEE00805A53 /* Debug */ = {
			isa = XCBuildConfiguration;
			baseConfigurationReference = E2CA3B62EE0849AFB861C4B1 /* Pods.xcconfig */;
			buildSettings = {
				ASSETCATALOG_COMPILER_APPICON_NAME = AppIcon;
				ASSETCATALOG_COMPILER_LAUNCHIMAGE_NAME = LaunchImage;
				"CODE_SIGN_IDENTITY[sdk=iphoneos*]" = "";
				GCC_PRECOMPILE_PREFIX_HEADER = YES;
				GCC_PREFIX_HEADER = "KioskFoodiOS/KioskFoodiOS-Prefix.pch";
				INFOPLIST_FILE = "KioskFoodiOS/KioskFoodiOS-Info.plist";
				PRODUCT_NAME = "$(TARGET_NAME)";
				WRAPPER_EXTENSION = app;
			};
			name = Debug;
		};
		AA4DD1AE19AE3FEE00805A53 /* Release */ = {
			isa = XCBuildConfiguration;
			baseConfigurationReference = E2CA3B62EE0849AFB861C4B1 /* Pods.xcconfig */;
			buildSettings = {
				ASSETCATALOG_COMPILER_APPICON_NAME = AppIcon;
				ASSETCATALOG_COMPILER_LAUNCHIMAGE_NAME = LaunchImage;
				"CODE_SIGN_IDENTITY[sdk=iphoneos*]" = "";
				GCC_PRECOMPILE_PREFIX_HEADER = YES;
				GCC_PREFIX_HEADER = "KioskFoodiOS/KioskFoodiOS-Prefix.pch";
				INFOPLIST_FILE = "KioskFoodiOS/KioskFoodiOS-Info.plist";
				PRODUCT_NAME = "$(TARGET_NAME)";
				WRAPPER_EXTENSION = app;
			};
			name = Release;
		};
		AA4DD1B019AE3FEE00805A53 /* Debug */ = {
			isa = XCBuildConfiguration;
			buildSettings = {
				BUNDLE_LOADER = "$(BUILT_PRODUCTS_DIR)/KioskFoodiOS.app/KioskFoodiOS";
				FRAMEWORK_SEARCH_PATHS = (
					"$(SDKROOT)/Developer/Library/Frameworks",
					"$(inherited)",
					"$(DEVELOPER_FRAMEWORKS_DIR)",
				);
				GCC_PRECOMPILE_PREFIX_HEADER = YES;
				GCC_PREFIX_HEADER = "KioskFoodiOS/KioskFoodiOS-Prefix.pch";
				GCC_PREPROCESSOR_DEFINITIONS = (
					"DEBUG=1",
					"$(inherited)",
				);
				INFOPLIST_FILE = "KioskFoodiOSTests/KioskFoodiOSTests-Info.plist";
				PRODUCT_NAME = "$(TARGET_NAME)";
				TEST_HOST = "$(BUNDLE_LOADER)";
				WRAPPER_EXTENSION = xctest;
			};
			name = Debug;
		};
		AA4DD1B119AE3FEE00805A53 /* Release */ = {
			isa = XCBuildConfiguration;
			buildSettings = {
				BUNDLE_LOADER = "$(BUILT_PRODUCTS_DIR)/KioskFoodiOS.app/KioskFoodiOS";
				FRAMEWORK_SEARCH_PATHS = (
					"$(SDKROOT)/Developer/Library/Frameworks",
					"$(inherited)",
					"$(DEVELOPER_FRAMEWORKS_DIR)",
				);
				GCC_PRECOMPILE_PREFIX_HEADER = YES;
				GCC_PREFIX_HEADER = "KioskFoodiOS/KioskFoodiOS-Prefix.pch";
				INFOPLIST_FILE = "KioskFoodiOSTests/KioskFoodiOSTests-Info.plist";
				PRODUCT_NAME = "$(TARGET_NAME)";
				TEST_HOST = "$(BUNDLE_LOADER)";
				WRAPPER_EXTENSION = xctest;
			};
			name = Release;
		};
/* End XCBuildConfiguration section */

/* Begin XCConfigurationList section */
		AA4DD17219AE3FED00805A53 /* Build configuration list for PBXProject "KioskFoodiOS" */ = {
			isa = XCConfigurationList;
			buildConfigurations = (
				AA4DD1AA19AE3FEE00805A53 /* Debug */,
				AA4DD1AB19AE3FEE00805A53 /* Release */,
			);
			defaultConfigurationIsVisible = 0;
			defaultConfigurationName = Release;
		};
		AA4DD1AC19AE3FEE00805A53 /* Build configuration list for PBXNativeTarget "KioskFoodiOS" */ = {
			isa = XCConfigurationList;
			buildConfigurations = (
				AA4DD1AD19AE3FEE00805A53 /* Debug */,
				AA4DD1AE19AE3FEE00805A53 /* Release */,
			);
			defaultConfigurationIsVisible = 0;
			defaultConfigurationName = Release;
		};
		AA4DD1AF19AE3FEE00805A53 /* Build configuration list for PBXNativeTarget "KioskFoodiOSTests" */ = {
			isa = XCConfigurationList;
			buildConfigurations = (
				AA4DD1B019AE3FEE00805A53 /* Debug */,
				AA4DD1B119AE3FEE00805A53 /* Release */,
			);
			defaultConfigurationIsVisible = 0;
			defaultConfigurationName = Release;
		};
/* End XCConfigurationList section */
	};
	rootObject = AA4DD16F19AE3FED00805A53 /* Project object */;
}
